<?xml version="1.0" encoding="utf-8"?>
<Project xmlns="http://schemas.microsoft.com/developer/msbuild/2003">
  <ItemGroup>
    <Filter Include="Form Files">
      <UniqueIdentifier>{99349809-55BA-4b9d-BF79-8FDBB0286EB3}</UniqueIdentifier>
      <Extensions>ui</Extensions>
      <ParseFiles>false</ParseFiles>
    </Filter>
    <Filter Include="Form Files">
      <UniqueIdentifier>{99349809-55BA-4b9d-BF79-8FDBB0286EB3}</UniqueIdentifier>
      <Extensions>ui</Extensions>
      <ParseFiles>false</ParseFiles>
    </Filter>
    <Filter Include="Generated Files">
      <UniqueIdentifier>{71ED8ED8-ACB9-4CE9-BBE1-E00B30144E11}</UniqueIdentifier>
      <Extensions>cpp;c;cxx;moc;h;def;odl;idl;res;</Extensions>
    </Filter>
    <Filter Include="Generated Files">
      <UniqueIdentifier>{71ED8ED8-ACB9-4CE9-BBE1-E00B30144E11}</UniqueIdentifier>
      <Extensions>cpp;c;cxx;moc;h;def;odl;idl;res;</Extensions>
    </Filter>
    <Filter Include="Header Files">
      <UniqueIdentifier>{93995380-89BD-4b04-88EB-625FBE52EBFB}</UniqueIdentifier>
      <Extensions>h;hpp;hxx;hm;inl;inc;xsd</Extensions>
    </Filter>
    <Filter Include="Header Files">
      <UniqueIdentifier>{93995380-89BD-4b04-88EB-625FBE52EBFB}</UniqueIdentifier>
      <Extensions>h;hpp;hxx;hm;inl;inc;xsd</Extensions>
    </Filter>
    <Filter Include="Resource Files">
      <UniqueIdentifier>{D9D6E242-F8AF-46E4-B9FD-80ECBC20BA3E}</UniqueIdentifier>
      <Extensions>qrc;*</Extensions>
      <ParseFiles>false</ParseFiles>
    </Filter>
    <Filter Include="Resource Files">
      <UniqueIdentifier>{D9D6E242-F8AF-46E4-B9FD-80ECBC20BA3E}</UniqueIdentifier>
      <Extensions>qrc;*</Extensions>
      <ParseFiles>false</ParseFiles>
    </Filter>
    <Filter Include="Source Files">
      <UniqueIdentifier>{4FC737F1-C7A5-4376-A066-2A32D752A2FF}</UniqueIdentifier>
      <Extensions>cpp;c;cxx;def;odl;idl;hpj;bat;asm;asmx</Extensions>
    </Filter>
    <Filter Include="Source Files">
      <UniqueIdentifier>{4FC737F1-C7A5-4376-A066-2A32D752A2FF}</UniqueIdentifier>
      <Extensions>cpp;c;cxx;def;odl;idl;hpj;bat;asm;asmx</Extensions>
    </Filter>
    <Filter Include="LRELEASE">
      <UniqueIdentifier>{E0D8C965-CC5F-43d7-AD63-FAEF0BBC0F85}-lrelease</UniqueIdentifier>
      <ParseFiles>false</ParseFiles>
    </Filter>
    <Filter Include="LRELEASE">
      <UniqueIdentifier>{E0D8C965-CC5F-43d7-AD63-FAEF0BBC0F85}-lrelease</UniqueIdentifier>
      <ParseFiles>false</ParseFiles>
    </Filter>
    <Filter Include="Copy">
      <UniqueIdentifier>{E0D8C965-CC5F-43d7-AD63-FAEF0BBC0F85}-copy_res</UniqueIdentifier>
      <ParseFiles>false</ParseFiles>
    </Filter>
    <Filter Include="Copy">
      <UniqueIdentifier>{E0D8C965-CC5F-43d7-AD63-FAEF0BBC0F85}-copy_res</UniqueIdentifier>
      <ParseFiles>false</ParseFiles>
    </Filter>
  </ItemGroup>
  <ItemGroup>
    <ClCompile Include="..\Interface\src\Application.cxx">
      <Filter>Source Files</Filter>
    </ClCompile>
    <ClCompile Include="..\Common\src\ApplicationCommon.cxx">
      <Filter>Source Files</Filter>
    </ClCompile>
    <ClCompile Include="src\ApplicationTut.cxx">
      <Filter>Source Files</Filter>
    </ClCompile>
    <ClCompile Include="..\Common\src\DocumentCommon.cxx">
      <Filter>Source Files</Filter>
    </ClCompile>
    <ClCompile Include="src\DocumentTut.cxx">
      <Filter>Source Files</Filter>
    </ClCompile>
    <ClCompile Include="..\Common\src\MDIWindow.cxx">
      <Filter>Source Files</Filter>
    </ClCompile>
    <ClCompile Include="src\Main.cxx">
      <Filter>Source Files</Filter>
    </ClCompile>
    <ClCompile Include="src\MakeBottle.cxx">
      <Filter>Source Files</Filter>
    </ClCompile>
    <ClCompile Include="..\Common\src\Material.cxx">
      <Filter>Source Files</Filter>
    </ClCompile>
    <ClCompile Include="..\Common\src\OcctWindow.cxx">
      <Filter>Source Files</Filter>
    </ClCompile>
    <ClCompile Include="..\Interface\src\Translate.cxx">
      <Filter>Source Files</Filter>
    </ClCompile>
    <ClCompile Include="..\Common\src\Transparency.cxx">
      <Filter>Source Files</Filter>
    </ClCompile>
    <ClCompile Include="..\Common\src\View.cxx">
      <Filter>Source Files</Filter>
    </ClCompile>
    <ClCompile Include="src2\dialogairfoildesigner.cxx">
      <Filter>Source Files</Filter>
    </ClCompile>
    <ClCompile Include="src2\dialogterrain.cxx">
      <Filter>Source Files</Filter>
    </ClCompile>
    <ClCompile Include="src2\main.cxx">
      <Filter>Source Files</Filter>
    </ClCompile>
    <ClCompile Include="src2\mainwidget.cxx">
      <Filter>Source Files</Filter>
    </ClCompile>
    <ClCompile Include="src2\mainwidget_supplement_1.cxx">
      <Filter>Source Files</Filter>
    </ClCompile>
    <ClCompile Include="src2\mainwidget_supplement_2.cxx">
      <Filter>Source Files</Filter>
    </ClCompile>
    <ClCompile Include="src2\mainwidget_supplement_3.cxx">
      <Filter>Source Files</Filter>
    </ClCompile>
    <ClCompile Include="src2\mainwidget_supplement_4.cxx">
      <Filter>Source Files</Filter>
    </ClCompile>
    <ClCompile Include="src2\mainwindow.cxx">
      <Filter>Source Files</Filter>
    </ClCompile>
    <ClCompile Include="QDialogControllerWings.cpp">
      <Filter>Generated Files</Filter>
    </ClCompile>
    <ClCompile Include="ClassDlgConsole.cpp">
      <Filter>Generated Files</Filter>
    </ClCompile>
    <ClCompile Include="src2\CAirfoilDesignerWindow.cxx">
      <Filter>Source Files</Filter>
    </ClCompile>
  </ItemGroup>
  <ItemGroup>
    <CustomBuild Include="..\Interface\src\Application.h">
      <Filter>Header Files</Filter>
    </CustomBuild>
    <CustomBuild Include="..\Common\src\ApplicationCommon.h">
      <Filter>Header Files</Filter>
    </CustomBuild>
    <CustomBuild Include="src\ApplicationTut.h">
      <Filter>Header Files</Filter>
    </CustomBuild>
    <ClInclude Include="..\Common\src\CommonSample.h">
      <Filter>Header Files</Filter>
    </ClInclude>
    <CustomBuild Include="..\Common\src\DocumentCommon.h">
      <Filter>Header Files</Filter>
    </CustomBuild>
    <CustomBuild Include="src\DocumentTut.h">
      <Filter>Header Files</Filter>
    </CustomBuild>
    <ClInclude Include="..\Interface\src\IESample.h">
      <Filter>Header Files</Filter>
    </ClInclude>
    <CustomBuild Include="..\Common\src\MDIWindow.h">
      <Filter>Header Files</Filter>
    </CustomBuild>
    <CustomBuild Include="..\Common\src\Material.h">
      <Filter>Header Files</Filter>
    </CustomBuild>
    <ClInclude Include="..\Common\src\OcctWindow.h">
      <Filter>Header Files</Filter>
    </ClInclude>
    <CustomBuild Include="..\Interface\src\Translate.h">
      <Filter>Header Files</Filter>
    </CustomBuild>
    <CustomBuild Include="..\Common\src\Transparency.h">
      <Filter>Header Files</Filter>
    </CustomBuild>
    <CustomBuild Include="..\Common\src\View.h">
      <Filter>Header Files</Filter>
    </CustomBuild>
    <CustomBuild Include="src2\dialogairfoildesigner.h">
      <Filter>Header Files</Filter>
    </CustomBuild>
    <CustomBuild Include="src2\dialogterrain.h">
      <Filter>Header Files</Filter>
    </CustomBuild>
    <CustomBuild Include="src2\mainwidget.h">
      <Filter>Header Files</Filter>
    </CustomBuild>
    <CustomBuild Include="src2\mainwidget_supplement_1.h">
      <Filter>Header Files</Filter>
    </CustomBuild>
    <CustomBuild Include="src2\mainwidget_supplement_2.h">
      <Filter>Header Files</Filter>
    </CustomBuild>
    <CustomBuild Include="src2\mainwidget_supplement_3.h">
      <Filter>Header Files</Filter>
    </CustomBuild>
    <CustomBuild Include="src2\mainwidget_supplement_4.h">
      <Filter>Header Files</Filter>
    </CustomBuild>
    <CustomBuild Include="src2\mainwindow.h">
      <Filter>Header Files</Filter>
    </CustomBuild>
    <ClInclude Include="src2\ui_dialogairfoildesigner.h">
      <Filter>Header Files</Filter>
    </ClInclude>
    <ClInclude Include="src2\ui_dialogterrain.h">
      <Filter>Header Files</Filter>
    </ClInclude>
    <ClInclude Include="src2\ui_mainwindow.h">
      <Filter>Header Files</Filter>
    </ClInclude>
  </ItemGroup>
  <ItemGroup>
    <ClCompile Include="win64\vc143\moc\moc_Application.cpp">
      <Filter>Generated Files</Filter>
    </ClCompile>
    <ClCompile Include="win64\vc143\mocd\moc_Application.cpp">
      <Filter>Generated Files</Filter>
    </ClCompile>
    <ClCompile Include="win64\vc143\moc\moc_ApplicationCommon.cpp">
      <Filter>Generated Files</Filter>
    </ClCompile>
    <ClCompile Include="win64\vc143\mocd\moc_ApplicationCommon.cpp">
      <Filter>Generated Files</Filter>
    </ClCompile>
    <ClCompile Include="win64\vc143\moc\moc_ApplicationTut.cpp">
      <Filter>Generated Files</Filter>
    </ClCompile>
    <ClCompile Include="win64\vc143\mocd\moc_ApplicationTut.cpp">
      <Filter>Generated Files</Filter>
    </ClCompile>
    <ClCompile Include="win64\vc143\moc\moc_CAirfoilDesignerWindow.cpp">
      <Filter>Generated Files</Filter>
    </ClCompile>
    <ClCompile Include="win64\vc143\mocd\moc_CAirfoilDesignerWindow.cpp">
      <Filter>Generated Files</Filter>
    </ClCompile>
    <ClCompile Include="win64\vc143\moc\moc_DocumentCommon.cpp">
      <Filter>Generated Files</Filter>
    </ClCompile>
    <ClCompile Include="win64\vc143\mocd\moc_DocumentCommon.cpp">
      <Filter>Generated Files</Filter>
    </ClCompile>
    <ClCompile Include="win64\vc143\moc\moc_DocumentTut.cpp">
      <Filter>Generated Files</Filter>
    </ClCompile>
    <ClCompile Include="win64\vc143\mocd\moc_DocumentTut.cpp">
      <Filter>Generated Files</Filter>
    </ClCompile>
    <ClCompile Include="win64\vc143\moc\moc_MDIWindow.cpp">
      <Filter>Generated Files</Filter>
    </ClCompile>
    <ClCompile Include="win64\vc143\mocd\moc_MDIWindow.cpp">
      <Filter>Generated Files</Filter>
    </ClCompile>
    <ClCompile Include="win64\vc143\moc\moc_Material.cpp">
      <Filter>Generated Files</Filter>
    </ClCompile>
    <ClCompile Include="win64\vc143\mocd\moc_Material.cpp">
      <Filter>Generated Files</Filter>
    </ClCompile>
    <ClCompile Include="win64\vc143\moc\moc_Translate.cpp">
      <Filter>Generated Files</Filter>
    </ClCompile>
    <ClCompile Include="win64\vc143\mocd\moc_Translate.cpp">
      <Filter>Generated Files</Filter>
    </ClCompile>
    <ClCompile Include="win64\vc143\moc\moc_Transparency.cpp">
      <Filter>Generated Files</Filter>
    </ClCompile>
    <ClCompile Include="win64\vc143\mocd\moc_Transparency.cpp">
      <Filter>Generated Files</Filter>
    </ClCompile>
    <ClCompile Include="win64\vc143\moc\moc_View.cpp">
      <Filter>Generated Files</Filter>
    </ClCompile>
    <ClCompile Include="win64\vc143\mocd\moc_View.cpp">
      <Filter>Generated Files</Filter>
    </ClCompile>
    <ClCompile Include="win64\vc143\moc\moc_dialogairfoildesigner.cpp">
      <Filter>Generated Files</Filter>
    </ClCompile>
    <ClCompile Include="win64\vc143\mocd\moc_dialogairfoildesigner.cpp">
      <Filter>Generated Files</Filter>
    </ClCompile>
    <ClCompile Include="win64\vc143\moc\moc_dialogterrain.cpp">
      <Filter>Generated Files</Filter>
    </ClCompile>
    <ClCompile Include="win64\vc143\mocd\moc_dialogterrain.cpp">
      <Filter>Generated Files</Filter>
    </ClCompile>
    <ClCompile Include="win64\vc143\moc\moc_mainwidget.cpp">
      <Filter>Generated Files</Filter>
    </ClCompile>
    <ClCompile Include="win64\vc143\mocd\moc_mainwidget.cpp">
      <Filter>Generated Files</Filter>
    </ClCompile>
    <ClCompile Include="win64\vc143\moc\moc_mainwidget_supplement_1.cpp">
      <Filter>Generated Files</Filter>
    </ClCompile>
    <ClCompile Include="win64\vc143\mocd\moc_mainwidget_supplement_1.cpp">
      <Filter>Generated Files</Filter>
    </ClCompile>
    <ClCompile Include="win64\vc143\moc\moc_mainwidget_supplement_2.cpp">
      <Filter>Generated Files</Filter>
    </ClCompile>
    <ClCompile Include="win64\vc143\mocd\moc_mainwidget_supplement_2.cpp">
      <Filter>Generated Files</Filter>
    </ClCompile>
    <ClCompile Include="win64\vc143\moc\moc_mainwidget_supplement_3.cpp">
      <Filter>Generated Files</Filter>
    </ClCompile>
    <ClCompile Include="win64\vc143\mocd\moc_mainwidget_supplement_3.cpp">
      <Filter>Generated Files</Filter>
    </ClCompile>
    <ClCompile Include="win64\vc143\moc\moc_mainwidget_supplement_4.cpp">
      <Filter>Generated Files</Filter>
    </ClCompile>
    <ClCompile Include="win64\vc143\mocd\moc_mainwidget_supplement_4.cpp">
      <Filter>Generated Files</Filter>
    </ClCompile>
    <ClCompile Include="win64\vc143\moc\moc_mainwindow.cpp">
      <Filter>Generated Files</Filter>
    </ClCompile>
    <ClCompile Include="win64\vc143\mocd\moc_mainwindow.cpp">
      <Filter>Generated Files</Filter>
    </ClCompile>
    <CustomBuild Include="win64\vc143\moc\moc_predefs.h.cbt">
      <Filter>Generated Files</Filter>
    </CustomBuild>
    <CustomBuild Include="win64\vc143\mocd\moc_predefs.h.cbt">
      <Filter>Generated Files</Filter>
    </CustomBuild>
    <ClCompile Include="debug\qrc_shaders.cpp">
      <Filter>Generated Files</Filter>
    </ClCompile>
    <ClCompile Include="release\qrc_shaders.cpp">
      <Filter>Generated Files</Filter>
    </ClCompile>
    <ClCompile Include="debug\qrc_textures.cpp">
      <Filter>Generated Files</Filter>
    </ClCompile>
    <ClCompile Include="release\qrc_textures.cpp">
      <Filter>Generated Files</Filter>
    </ClCompile>
    <ClInclude Include="ui_dialog_console.h">
      <Filter>Generated Files</Filter>
    </ClInclude>
    <ClInclude Include="ui_dialogairfoildesigner.h">
      <Filter>Generated Files</Filter>
    </ClInclude>
    <ClInclude Include="ui_dialogcontroller.h">
      <Filter>Generated Files</Filter>
    </ClInclude>
    <ClInclude Include="ui_dialogterrain.h">
      <Filter>Generated Files</Filter>
    </ClInclude>
    <ClInclude Include="ui_mainwindow.h">
      <Filter>Generated Files</Filter>
    </ClInclude>
  </ItemGroup>
  <ItemGroup>
    <CustomBuild Include="src2\dialog_console.ui">
      <Filter>Form Files</Filter>
    </CustomBuild>
    <CustomBuild Include="src2\dialogairfoildesigner.ui">
      <Filter>Form Files</Filter>
    </CustomBuild>
    <CustomBuild Include="src2\dialogcontroller.ui">
      <Filter>Form Files</Filter>
    </CustomBuild>
    <CustomBuild Include="src2\dialogterrain.ui">
      <Filter>Form Files</Filter>
    </CustomBuild>
    <CustomBuild Include="src2\mainwindow.ui">
      <Filter>Form Files</Filter>
    </CustomBuild>
  </ItemGroup>
  <ItemGroup>
    <None Include="src2\checker.png">
      <Filter>Resource Files</Filter>
    </None>
    <None Include="src2\cube.png">
      <Filter>Resource Files</Filter>
    </None>
    <None Include="src2\fshader.glsl">
      <Filter>Resource Files</Filter>
    </None>
    <CustomBuild Include="src2\shaders.qrc">
      <Filter>Resource Files</Filter>
    </CustomBuild>
    <CustomBuild Include="src2\textures.qrc">
      <Filter>Resource Files</Filter>
    </CustomBuild>
    <None Include="src2\vshader.glsl">
      <Filter>Resource Files</Filter>
    </None>
  </ItemGroup>
  <ItemGroup>
    <CustomBuild Include="..\Common\src\Common-icon.ts">
      <Filter>LRELEASE</Filter>
    </CustomBuild>
    <CustomBuild Include="..\Common\src\Common-string.ts">
      <Filter>LRELEASE</Filter>
    </CustomBuild>
    <CustomBuild Include="..\Interface\src\Interface-string.ts">
      <Filter>LRELEASE</Filter>
    </CustomBuild>
    <CustomBuild Include="src\Tutorial-icon.ts">
      <Filter>LRELEASE</Filter>
    </CustomBuild>
    <CustomBuild Include="src\Tutorial-string.ts">
      <Filter>LRELEASE</Filter>
    </CustomBuild>
  </ItemGroup>
  <ItemGroup>
    <CustomBuild Include="res\Bottle.png">
      <Filter>Copy</Filter>
    </CustomBuild>
    <CustomBuild Include="res\SampleImportExport.png">
      <Filter>Copy</Filter>
    </CustomBuild>
    <CustomBuild Include="..\Common\res\antialiasing.png">
      <Filter>Copy</Filter>
    </CustomBuild>
    <CustomBuild Include="..\Common\res\cascade.png">
      <Filter>Copy</Filter>
    </CustomBuild>
    <CustomBuild Include="..\Common\res\close.png">
      <Filter>Copy</Filter>
    </CustomBuild>
    <CustomBuild Include="..\Common\res\cursor_rotate.png">
      <Filter>Copy</Filter>
    </CustomBuild>
    <CustomBuild Include="..\Common\res\cursor_zoom.png">
      <Filter>Copy</Filter>
    </CustomBuild>
    <CustomBuild Include="..\Common\res\document.png">
      <Filter>Copy</Filter>
    </CustomBuild>
    <CustomBuild Include="..\Common\res\help.png">
      <Filter>Copy</Filter>
    </CustomBuild>
    <CustomBuild Include="..\Common\res\lamp.png">
      <Filter>Copy</Filter>
    </CustomBuild>
    <CustomBuild Include="..\Common\res\new.png">
      <Filter>Copy</Filter>
    </CustomBuild>
    <CustomBuild Include="..\Common\res\raytracing.png">
      <Filter>Copy</Filter>
    </CustomBuild>
    <CustomBuild Include="..\Common\res\reflections.png">
      <Filter>Copy</Filter>
    </CustomBuild>
    <CustomBuild Include="..\Common\res\shadows.png">
      <Filter>Copy</Filter>
    </CustomBuild>
    <CustomBuild Include="..\Common\res\tile.png">
      <Filter>Copy</Filter>
    </CustomBuild>
    <CustomBuild Include="..\Common\res\tool-shading.png">
      <Filter>Copy</Filter>
    </CustomBuild>
    <CustomBuild Include="..\Common\res\tool_color.png">
      <Filter>Copy</Filter>
    </CustomBuild>
    <CustomBuild Include="..\Common\res\tool_delete.png">
      <Filter>Copy</Filter>
    </CustomBuild>
    <CustomBuild Include="..\Common\res\tool_material.png">
      <Filter>Copy</Filter>
    </CustomBuild>
    <CustomBuild Include="..\Common\res\tool_shading.png">
      <Filter>Copy</Filter>
    </CustomBuild>
    <CustomBuild Include="..\Common\res\tool_transparency.png">
      <Filter>Copy</Filter>
    </CustomBuild>
    <CustomBuild Include="..\Common\res\tool_wireframe.png">
      <Filter>Copy</Filter>
    </CustomBuild>
    <CustomBuild Include="..\Common\res\view_axo.png">
      <Filter>Copy</Filter>
    </CustomBuild>
    <CustomBuild Include="..\Common\res\view_back.png">
      <Filter>Copy</Filter>
    </CustomBuild>
    <CustomBuild Include="..\Common\res\view_bottom.png">
      <Filter>Copy</Filter>
    </CustomBuild>
    <CustomBuild Include="..\Common\res\view_comp_off.png">
      <Filter>Copy</Filter>
    </CustomBuild>
    <CustomBuild Include="..\Common\res\view_comp_on.png">
      <Filter>Copy</Filter>
    </CustomBuild>
    <CustomBuild Include="..\Common\res\view_fitall.png">
      <Filter>Copy</Filter>
    </CustomBuild>
    <CustomBuild Include="..\Common\res\view_fitarea.png">
      <Filter>Copy</Filter>
    </CustomBuild>
    <CustomBuild Include="..\Common\res\view_front.png">
      <Filter>Copy</Filter>
    </CustomBuild>
    <CustomBuild Include="..\Common\res\view_glpan.png">
      <Filter>Copy</Filter>
    </CustomBuild>
    <CustomBuild Include="..\Common\res\view_left.png">
      <Filter>Copy</Filter>
    </CustomBuild>
    <CustomBuild Include="..\Common\res\view_pan.png">
      <Filter>Copy</Filter>
    </CustomBuild>
    <CustomBuild Include="..\Common\res\view_reset.png">
      <Filter>Copy</Filter>
    </CustomBuild>
    <CustomBuild Include="..\Common\res\view_right.png">
      <Filter>Copy</Filter>
    </CustomBuild>
    <CustomBuild Include="..\Common\res\view_rotate.png">
      <Filter>Copy</Filter>
    </CustomBuild>
    <CustomBuild Include="..\Common\res\view_top.png">
      <Filter>Copy</Filter>
    </CustomBuild>
    <CustomBuild Include="..\Common\res\view_zoom.png">
      <Filter>Copy</Filter>
    </CustomBuild>
  </ItemGroup>
  <ItemGroup>
    <ClInclude Include="QDialogControllerWings.h">
      <Filter>Generated Files</Filter>
    </ClInclude>
    <ClInclude Include="ClassDlgConsole.h">
      <Filter>Generated Files</Filter>
    </ClInclude>
    <ClInclude Include="src2\CAirfoilDesignerWindow.h">
      <Filter>Header Files</Filter>
    </ClInclude>
  </ItemGroup>
</Project>